
Microsoft Visual Studio Solution File, Format Version 11.00
# Visual Studio 2010
Project("{FAE04EC0-301F-11D3-BF4B-00C04F79EFBC}") = "Translate", "Translate\Translate\Translate.csproj", "{41054C24-2525-4208-8F35-B69C5A08FE8A}"
EndProject
Project("{FAE04EC0-301F-11D3-BF4B-00C04F79EFBC}") = "TranslateContent", "Translate\TranslateContent\Content1\TranslateContent.contentproj", "{D0CB9C0C-E308-405D-A7FC-2F8F8A4491BC}"
EndProject
Project("{FAE04EC0-301F-11D3-BF4B-00C04F79EFBC}") = "Rotate", "Rotate\Rotate\Rotate.csproj", "{79E1E6A4-C8F1-42CC-90BC-C645EA1290B4}"
EndProject
Project("{FAE04EC0-301F-11D3-BF4B-00C04F79EFBC}") = "Scale", "Scale\Scale\Scale.csproj", "{AD028233-4652-46BE-9FC2-4447AFF54A1B}"
EndProject
Project("{FAE04EC0-301F-11D3-BF4B-00C04F79EFBC}") = "Zonnestelsel", "Zonnestelsel\Zonnestelsel\Zonnestelsel.csproj", "{2C86CCE0-3CE2-414B-8296-8AE5EF91A37C}"
EndProject
Project("{96E2B04D-8817-42C6-938A-82C39BA4D311}") = "ZonnestelselContent", "Zonnestelsel\ZonnestelselContent\ZonnestelselContent.contentproj", "{51E4F817-918B-4B61-8065-262E90B3FACD}"
EndProject
Global
	GlobalSection(SolutionConfigurationPlatforms) = preSolution
		Debug|Any CPU = Debug|Any CPU
		Debug|x86 = Debug|x86
		Release|Any CPU = Release|Any CPU
		Release|x86 = Release|x86
	EndGlobalSection
	GlobalSection(ProjectConfigurationPlatforms) = postSolution
		{41054C24-2525-4208-8F35-B69C5A08FE8A}.Debug|Any CPU.ActiveCfg = Debug|x86
		{41054C24-2525-4208-8F35-B69C5A08FE8A}.Debug|x86.ActiveCfg = Debug|x86
		{41054C24-2525-4208-8F35-B69C5A08FE8A}.Debug|x86.Build.0 = Debug|x86
		{41054C24-2525-4208-8F35-B69C5A08FE8A}.Release|Any CPU.ActiveCfg = Release|x86
		{41054C24-2525-4208-8F35-B69C5A08FE8A}.Release|x86.ActiveCfg = Release|x86
		{41054C24-2525-4208-8F35-B69C5A08FE8A}.Release|x86.Build.0 = Release|x86
		{D0CB9C0C-E308-405D-A7FC-2F8F8A4491BC}.Debug|Any CPU.ActiveCfg = Debug|Any CPU
		{D0CB9C0C-E308-405D-A7FC-2F8F8A4491BC}.Debug|x86.ActiveCfg = Debug|Any CPU
		{D0CB9C0C-E308-405D-A7FC-2F8F8A4491BC}.Release|Any CPU.ActiveCfg = Debug|Any CPU
		{D0CB9C0C-E308-405D-A7FC-2F8F8A4491BC}.Release|x86.ActiveCfg = Debug|Any CPU
		{79E1E6A4-C8F1-42CC-90BC-C645EA1290B4}.Debug|Any CPU.ActiveCfg = Debug|x86
		{79E1E6A4-C8F1-42CC-90BC-C645EA1290B4}.Debug|x86.ActiveCfg = Debug|x86
		{79E1E6A4-C8F1-42CC-90BC-C645EA1290B4}.Debug|x86.Build.0 = Debug|x86
		{79E1E6A4-C8F1-42CC-90BC-C645EA1290B4}.Release|Any CPU.ActiveCfg = Release|x86
		{79E1E6A4-C8F1-42CC-90BC-C645EA1290B4}.Release|x86.ActiveCfg = Release|x86
		{79E1E6A4-C8F1-42CC-90BC-C645EA1290B4}.Release|x86.Build.0 = Release|x86
		{AD028233-4652-46BE-9FC2-4447AFF54A1B}.Debug|Any CPU.ActiveCfg = Debug|x86
		{AD028233-4652-46BE-9FC2-4447AFF54A1B}.Debug|x86.ActiveCfg = Debug|x86
		{AD028233-4652-46BE-9FC2-4447AFF54A1B}.Debug|x86.Build.0 = Debug|x86
		{AD028233-4652-46BE-9FC2-4447AFF54A1B}.Release|Any CPU.ActiveCfg = Release|x86
		{AD028233-4652-46BE-9FC2-4447AFF54A1B}.Release|x86.ActiveCfg = Release|x86
		{AD028233-4652-46BE-9FC2-4447AFF54A1B}.Release|x86.Build.0 = Release|x86
		{2C86CCE0-3CE2-414B-8296-8AE5EF91A37C}.Debug|Any CPU.ActiveCfg = Debug|x86
		{2C86CCE0-3CE2-414B-8296-8AE5EF91A37C}.Debug|x86.ActiveCfg = Debug|x86
		{2C86CCE0-3CE2-414B-8296-8AE5EF91A37C}.Debug|x86.Build.0 = Debug|x86
		{2C86CCE0-3CE2-414B-8296-8AE5EF91A37C}.Release|Any CPU.ActiveCfg = Release|x86
		{2C86CCE0-3CE2-414B-8296-8AE5EF91A37C}.Release|x86.ActiveCfg = Release|x86
		{2C86CCE0-3CE2-414B-8296-8AE5EF91A37C}.Release|x86.Build.0 = Release|x86
		{51E4F817-918B-4B61-8065-262E90B3FACD}.Debug|Any CPU.ActiveCfg = Debug|x86
		{51E4F817-918B-4B61-8065-262E90B3FACD}.Debug|x86.ActiveCfg = Debug|x86
		{51E4F817-918B-4B61-8065-262E90B3FACD}.Release|Any CPU.ActiveCfg = Release|x86
		{51E4F817-918B-4B61-8065-262E90B3FACD}.Release|x86.ActiveCfg = Release|x86
	EndGlobalSection
	GlobalSection(SolutionProperties) = preSolution
		HideSolutionNode = FALSE
	EndGlobalSection
EndGlobal
